
Microsoft Visual Studio Solution File, Format Version 12.00
# Visual Studio Version 17
VisualStudioVersion = 17.11.35312.102
MinimumVisualStudioVersion = 10.0.40219.1
Project("{9A19103F-16F7-4668-BE54-9A1E7A4F7556}") = "DomainLayer", "DomainLayer\DomainLayer.csproj", "{C8FE02F3-43E7-4A50-AF1F-1E1BE95C92C6}"
EndProject
Project("{9A19103F-16F7-4668-BE54-9A1E7A4F7556}") = "ApplicationServices", "ApplicationServices\ApplicationServices.csproj", "{BE2D24E6-1A4C-4653-9FDE-ECBC187A6703}"
EndProject
Project("{FAE04EC0-301F-11D3-BF4B-00C04F79EFBC}") = "DBDriver", "DBDriver\DBDriver.csproj", "{04F645C2-CD50-498A-82A5-B3C13BBF0971}"
EndProject
Project("{FAE04EC0-301F-11D3-BF4B-00C04F79EFBC}") = "WebApi", "WebApi\WebApi.csproj", "{AA463DC3-4706-4AAE-ADB0-1CC63DC43399}"
EndProject
Global
	GlobalSection(SolutionConfigurationPlatforms) = preSolution
		Debug|Any CPU = Debug|Any CPU
		Release|Any CPU = Release|Any CPU
	EndGlobalSection
	GlobalSection(ProjectConfigurationPlatforms) = postSolution
		{C8FE02F3-43E7-4A50-AF1F-1E1BE95C92C6}.Debug|Any CPU.ActiveCfg = Debug|Any CPU
		{C8FE02F3-43E7-4A50-AF1F-1E1BE95C92C6}.Debug|Any CPU.Build.0 = Debug|Any CPU
		{C8FE02F3-43E7-4A50-AF1F-1E1BE95C92C6}.Release|Any CPU.ActiveCfg = Release|Any CPU
		{C8FE02F3-43E7-4A50-AF1F-1E1BE95C92C6}.Release|Any CPU.Build.0 = Release|Any CPU
		{BE2D24E6-1A4C-4653-9FDE-ECBC187A6703}.Debug|Any CPU.ActiveCfg = Debug|Any CPU
		{BE2D24E6-1A4C-4653-9FDE-ECBC187A6703}.Debug|Any CPU.Build.0 = Debug|Any CPU
		{BE2D24E6-1A4C-4653-9FDE-ECBC187A6703}.Release|Any CPU.ActiveCfg = Release|Any CPU
		{BE2D24E6-1A4C-4653-9FDE-ECBC187A6703}.Release|Any CPU.Build.0 = Release|Any CPU
		{04F645C2-CD50-498A-82A5-B3C13BBF0971}.Debug|Any CPU.ActiveCfg = Debug|Any CPU
		{04F645C2-CD50-498A-82A5-B3C13BBF0971}.Debug|Any CPU.Build.0 = Debug|Any CPU
		{04F645C2-CD50-498A-82A5-B3C13BBF0971}.Release|Any CPU.ActiveCfg = Release|Any CPU
		{04F645C2-CD50-498A-82A5-B3C13BBF0971}.Release|Any CPU.Build.0 = Release|Any CPU
		{AA463DC3-4706-4AAE-ADB0-1CC63DC43399}.Debug|Any CPU.ActiveCfg = Debug|Any CPU
		{AA463DC3-4706-4AAE-ADB0-1CC63DC43399}.Debug|Any CPU.Build.0 = Debug|Any CPU
		{AA463DC3-4706-4AAE-ADB0-1CC63DC43399}.Release|Any CPU.ActiveCfg = Release|Any CPU
		{AA463DC3-4706-4AAE-ADB0-1CC63DC43399}.Release|Any CPU.Build.0 = Release|Any CPU
	EndGlobalSection
	GlobalSection(SolutionProperties) = preSolution
		HideSolutionNode = FALSE
	EndGlobalSection
	GlobalSection(ExtensibilityGlobals) = postSolution
		SolutionGuid = {247690C0-C60C-43EB-871D-B9561B2A23F9}
	EndGlobalSection
EndGlobal
